
Microsoft Visual Studio Solution File, Format Version 12.00
# Visual Studio Version 16
VisualStudioVersion = 16.0.30114.105
MinimumVisualStudioVersion = 10.0.40219.1
Project("{FAE04EC0-301F-11D3-BF4B-00C04F79EFBC}") = "BlockchainPractice", "BlockchainPractice\BlockchainPractice.csproj", "{A898DB77-AC28-4964-9A75-0722B62B9F0A}"
EndProject
Global
	GlobalSection(SolutionConfigurationPlatforms) = preSolution
		Debug|Any CPU = Debug|Any CPU
		Release|Any CPU = Release|Any CPU
	EndGlobalSection
	GlobalSection(ProjectConfigurationPlatforms) = postSolution
		{A898DB77-AC28-4964-9A75-0722B62B9F0A}.Debug|Any CPU.ActiveCfg = Debug|Any CPU
		{A898DB77-AC28-4964-9A75-0722B62B9F0A}.Debug|Any CPU.Build.0 = Debug|Any CPU
		{A898DB77-AC28-4964-9A75-0722B62B9F0A}.Release|Any CPU.ActiveCfg = Release|Any CPU
		{A898DB77-AC28-4964-9A75-0722B62B9F0A}.Release|Any CPU.Build.0 = Release|Any CPU
	EndGlobalSection
	GlobalSection(SolutionProperties) = preSolution
		HideSolutionNode = FALSE
	EndGlobalSection
	GlobalSection(ExtensibilityGlobals) = postSolution
		SolutionGuid = {A516BC95-561F-446F-8D80-68CD45357078}
	EndGlobalSection
EndGlobal
